
Microsoft Visual Studio Solution File, Format Version 12.00
# Visual Studio Version 17
VisualStudioVersion = 17.14.36603.0 d17.14
MinimumVisualStudioVersion = 10.0.40219.1
Project("{FAE04EC0-301F-11D3-BF4B-00C04F79EFBC}") = "PokerHands.Core", "PokerHands.Core\PokerHands.Core.csproj", "{90780EC2-02C9-45A8-BAE6-5549839B9A98}"
EndProject
Project("{2150E333-8FDC-42A3-9474-1A3956D46DE8}") = "src", "src", "{02EA681E-C7D8-13C7-8484-4AC65E1B71E8}"
EndProject
Project("{2150E333-8FDC-42A3-9474-1A3956D46DE8}") = "tests", "tests", "{A4691DFA-098C-49B0-B773-FB2ABC5FA960}"
EndProject
Project("{2150E333-8FDC-42A3-9474-1A3956D46DE8}") = "Solution Items", "Solution Items", "{8EC462FD-D22E-90A8-E5CE-7E832BA40C5D}"
	ProjectSection(SolutionItems) = preProject
		coverage.runsettings = coverage.runsettings
		README.md = README.md
	EndProjectSection
EndProject
Project("{FAE04EC0-301F-11D3-BF4B-00C04F79EFBC}") = "PokerHands.Api", "PokerHands.Api\PokerHands.Api.csproj", "{71ABF476-6DB9-9B58-D90A-69D3F50F701B}"
EndProject
Project("{FAE04EC0-301F-11D3-BF4B-00C04F79EFBC}") = "PokerHands.Api.Tests", "PokerHands.Api.Tests\PokerHands.Api.Tests.csproj", "{F4B06FA3-7F0F-4DDB-9575-C0F42C3C221C}"
	ProjectSection(ProjectDependencies) = postProject
		{71ABF476-6DB9-9B58-D90A-69D3F50F701B} = {71ABF476-6DB9-9B58-D90A-69D3F50F701B}
	EndProjectSection
EndProject
Project("{FAE04EC0-301F-11D3-BF4B-00C04F79EFBC}") = "PokerHands.Core.Tests", "PokerHands.Core.Tests\PokerHands.Core.Tests.csproj", "{5ECB2980-4B2F-41F5-9663-57C08332E415}"
EndProject
Project("{2150E333-8FDC-42A3-9474-1A3956D46DE8}") = ".github", ".github", "{B0CEEAA6-0914-45EC-92B6-2F40EF38D5CC}"
EndProject
Project("{2150E333-8FDC-42A3-9474-1A3956D46DE8}") = "workflows", "workflows", "{7BADE073-3043-46A0-80C9-A51B3993DB0F}"
	ProjectSection(SolutionItems) = preProject
		dotnet.yml = dotnet.yml
	EndProjectSection
EndProject
Global
	GlobalSection(SolutionConfigurationPlatforms) = preSolution
		Debug|Any CPU = Debug|Any CPU
		Release|Any CPU = Release|Any CPU
	EndGlobalSection
	GlobalSection(ProjectConfigurationPlatforms) = postSolution
		{90780EC2-02C9-45A8-BAE6-5549839B9A98}.Debug|Any CPU.ActiveCfg = Debug|Any CPU
		{90780EC2-02C9-45A8-BAE6-5549839B9A98}.Debug|Any CPU.Build.0 = Debug|Any CPU
		{90780EC2-02C9-45A8-BAE6-5549839B9A98}.Release|Any CPU.ActiveCfg = Release|Any CPU
		{90780EC2-02C9-45A8-BAE6-5549839B9A98}.Release|Any CPU.Build.0 = Release|Any CPU
		{71ABF476-6DB9-9B58-D90A-69D3F50F701B}.Debug|Any CPU.ActiveCfg = Debug|Any CPU
		{71ABF476-6DB9-9B58-D90A-69D3F50F701B}.Debug|Any CPU.Build.0 = Debug|Any CPU
		{71ABF476-6DB9-9B58-D90A-69D3F50F701B}.Release|Any CPU.ActiveCfg = Release|Any CPU
		{71ABF476-6DB9-9B58-D90A-69D3F50F701B}.Release|Any CPU.Build.0 = Release|Any CPU
		{F4B06FA3-7F0F-4DDB-9575-C0F42C3C221C}.Debug|Any CPU.ActiveCfg = Debug|Any CPU
		{F4B06FA3-7F0F-4DDB-9575-C0F42C3C221C}.Debug|Any CPU.Build.0 = Debug|Any CPU
		{F4B06FA3-7F0F-4DDB-9575-C0F42C3C221C}.Release|Any CPU.ActiveCfg = Release|Any CPU
		{F4B06FA3-7F0F-4DDB-9575-C0F42C3C221C}.Release|Any CPU.Build.0 = Release|Any CPU
		{5ECB2980-4B2F-41F5-9663-57C08332E415}.Debug|Any CPU.ActiveCfg = Debug|Any CPU
		{5ECB2980-4B2F-41F5-9663-57C08332E415}.Debug|Any CPU.Build.0 = Debug|Any CPU
		{5ECB2980-4B2F-41F5-9663-57C08332E415}.Release|Any CPU.ActiveCfg = Release|Any CPU
		{5ECB2980-4B2F-41F5-9663-57C08332E415}.Release|Any CPU.Build.0 = Release|Any CPU
	EndGlobalSection
	GlobalSection(SolutionProperties) = preSolution
		HideSolutionNode = FALSE
	EndGlobalSection
	GlobalSection(NestedProjects) = preSolution
		{90780EC2-02C9-45A8-BAE6-5549839B9A98} = {02EA681E-C7D8-13C7-8484-4AC65E1B71E8}
		{71ABF476-6DB9-9B58-D90A-69D3F50F701B} = {02EA681E-C7D8-13C7-8484-4AC65E1B71E8}
		{F4B06FA3-7F0F-4DDB-9575-C0F42C3C221C} = {A4691DFA-098C-49B0-B773-FB2ABC5FA960}
		{5ECB2980-4B2F-41F5-9663-57C08332E415} = {A4691DFA-098C-49B0-B773-FB2ABC5FA960}
		{7BADE073-3043-46A0-80C9-A51B3993DB0F} = {B0CEEAA6-0914-45EC-92B6-2F40EF38D5CC}
	EndGlobalSection
	GlobalSection(ExtensibilityGlobals) = postSolution
		SolutionGuid = {EB23A464-6DD0-4A4F-BC23-21280AEAF9A9}
	EndGlobalSection
EndGlobal
